// !$*UTF8*$!
{
	archiveVersion = 1;
	classes = {
	};
	objectVersion = 50;
	objects = {

/* Begin PBXBuildFile section */
		DA2C75C2250819D000AFC80B /* Character.swift in Sources */ = {isa = PBXBuildFile; fileRef = DA2C75C1250819D000AFC80B /* Character.swift */; };
		DA2C75C42508208D00AFC80B /* CollectionCell.swift in Sources */ = {isa = PBXBuildFile; fileRef = DA2C75C32508208D00AFC80B /* CollectionCell.swift */; };
		DA2C75C62508287A00AFC80B /* FavoriteCollectionView.swift in Sources */ = {isa = PBXBuildFile; fileRef = DA2C75C52508287A00AFC80B /* FavoriteCollectionView.swift */; };
		DA2C75C825082B1E00AFC80B /* AppColors.swift in Sources */ = {isa = PBXBuildFile; fileRef = DA2C75C725082B1E00AFC80B /* AppColors.swift */; };
		DA2C75CA25083BC900AFC80B /* MainView.swift in Sources */ = {isa = PBXBuildFile; fileRef = DA2C75C925083BC900AFC80B /* MainView.swift */; };
		DAAC43FF2507CCEB00F0BC92 /* AppDelegate.swift in Sources */ = {isa = PBXBuildFile; fileRef = DAAC43FE2507CCEB00F0BC92 /* AppDelegate.swift */; };
		DAAC44012507CCEB00F0BC92 /* SceneDelegate.swift in Sources */ = {isa = PBXBuildFile; fileRef = DAAC44002507CCEB00F0BC92 /* SceneDelegate.swift */; };
		DAAC44032507CCEB00F0BC92 /* ViewController.swift in Sources */ = {isa = PBXBuildFile; fileRef = DAAC44022507CCEB00F0BC92 /* ViewController.swift */; };
		DAAC44082507CCED00F0BC92 /* Assets.xcassets in Resources */ = {isa = PBXBuildFile; fileRef = DAAC44072507CCED00F0BC92 /* Assets.xcassets */; };
		DAAC440B2507CCED00F0BC92 /* LaunchScreen.storyboard in Resources */ = {isa = PBXBuildFile; fileRef = DAAC44092507CCED00F0BC92 /* LaunchScreen.storyboard */; };
		DAAC44142507CD1100F0BC92 /* sprites.json in Resources */ = {isa = PBXBuildFile; fileRef = DAAC44132507CD1100F0BC92 /* sprites.json */; };
		DAAC44162507CD1C00F0BC92 /* spritesheet.png in Resources */ = {isa = PBXBuildFile; fileRef = DAAC44152507CD1C00F0BC92 /* spritesheet.png */; };
		DAAC441A2507CD3400F0BC92 /* Image.swift in Sources */ = {isa = PBXBuildFile; fileRef = DAAC44182507CD3400F0BC92 /* Image.swift */; };
		DAAC441B2507CD3400F0BC92 /* ImageCutterTool.swift in Sources */ = {isa = PBXBuildFile; fileRef = DAAC44192507CD3400F0BC92 /* ImageCutterTool.swift */; };
		DAAC441F2507CE1600F0BC92 /* CharactersCollectionView.swift in Sources */ = {isa = PBXBuildFile; fileRef = DAAC441E2507CE1600F0BC92 /* CharactersCollectionView.swift */; };
		DAAC44212507D1BD00F0BC92 /* ViewExtension.swift in Sources */ = {isa = PBXBuildFile; fileRef = DAAC44202507D1BD00F0BC92 /* ViewExtension.swift */; };
		DAAC442A250814DD00F0BC92 /* CharDisplayDataSource.swift in Sources */ = {isa = PBXBuildFile; fileRef = DAAC4429250814DD00F0BC92 /* CharDisplayDataSource.swift */; };
/* End PBXBuildFile section */

/* Begin PBXFileReference section */
		DA2C75C1250819D000AFC80B /* Character.swift */ = {isa = PBXFileReference; lastKnownFileType = sourcecode.swift; path = Character.swift; sourceTree = "<group>"; };
		DA2C75C32508208D00AFC80B /* CollectionCell.swift */ = {isa = PBXFileReference; lastKnownFileType = sourcecode.swift; path = CollectionCell.swift; sourceTree = "<group>"; };
		DA2C75C52508287A00AFC80B /* FavoriteCollectionView.swift */ = {isa = PBXFileReference; lastKnownFileType = sourcecode.swift; path = FavoriteCollectionView.swift; sourceTree = "<group>"; };
		DA2C75C725082B1E00AFC80B /* AppColors.swift */ = {isa = PBXFileReference; lastKnownFileType = sourcecode.swift; path = AppColors.swift; sourceTree = "<group>"; };
		DA2C75C925083BC900AFC80B /* MainView.swift */ = {isa = PBXFileReference; lastKnownFileType = sourcecode.swift; path = MainView.swift; sourceTree = "<group>"; };
		DAAC43FB2507CCEB00F0BC92 /* AnimationClass.app */ = {isa = PBXFileReference; explicitFileType = wrapper.application; includeInIndex = 0; path = AnimationClass.app; sourceTree = BUILT_PRODUCTS_DIR; };
		DAAC43FE2507CCEB00F0BC92 /* AppDelegate.swift */ = {isa = PBXFileReference; lastKnownFileType = sourcecode.swift; path = AppDelegate.swift; sourceTree = "<group>"; };
		DAAC44002507CCEB00F0BC92 /* SceneDelegate.swift */ = {isa = PBXFileReference; lastKnownFileType = sourcecode.swift; path = SceneDelegate.swift; sourceTree = "<group>"; };
		DAAC44022507CCEB00F0BC92 /* ViewController.swift */ = {isa = PBXFileReference; lastKnownFileType = sourcecode.swift; path = ViewController.swift; sourceTree = "<group>"; };
		DAAC44072507CCED00F0BC92 /* Assets.xcassets */ = {isa = PBXFileReference; lastKnownFileType = folder.assetcatalog; path = Assets.xcassets; sourceTree = "<group>"; };
		DAAC440A2507CCED00F0BC92 /* Base */ = {isa = PBXFileReference; lastKnownFileType = file.storyboard; name = Base; path = Base.lproj/LaunchScreen.storyboard; sourceTree = "<group>"; };
		DAAC440C2507CCED00F0BC92 /* Info.plist */ = {isa = PBXFileReference; lastKnownFileType = text.plist.xml; path = Info.plist; sourceTree = "<group>"; };
		DAAC44132507CD1100F0BC92 /* sprites.json */ = {isa = PBXFileReference; fileEncoding = 4; lastKnownFileType = text.json; path = sprites.json; sourceTree = "<group>"; };
		DAAC44152507CD1C00F0BC92 /* spritesheet.png */ = {isa = PBXFileReference; lastKnownFileType = image.png; path = spritesheet.png; sourceTree = "<group>"; };
		DAAC44182507CD3400F0BC92 /* Image.swift */ = {isa = PBXFileReference; fileEncoding = 4; lastKnownFileType = sourcecode.swift; path = Image.swift; sourceTree = "<group>"; };
		DAAC44192507CD3400F0BC92 /* ImageCutterTool.swift */ = {isa = PBXFileReference; fileEncoding = 4; lastKnownFileType = sourcecode.swift; path = ImageCutterTool.swift; sourceTree = "<group>"; };
		DAAC441E2507CE1600F0BC92 /* CharactersCollectionView.swift */ = {isa = PBXFileReference; lastKnownFileType = sourcecode.swift; path = CharactersCollectionView.swift; sourceTree = "<group>"; };
		DAAC44202507D1BD00F0BC92 /* ViewExtension.swift */ = {isa = PBXFileReference; lastKnownFileType = sourcecode.swift; path = ViewExtension.swift; sourceTree = "<group>"; };
		DAAC4429250814DD00F0BC92 /* CharDisplayDataSource.swift */ = {isa = PBXFileReference; lastKnownFileType = sourcecode.swift; path = CharDisplayDataSource.swift; sourceTree = "<group>"; };
/* End PBXFileReference section */

/* Begin PBXFrameworksBuildPhase section */
		DAAC43F82507CCEB00F0BC92 /* Frameworks */ = {
			isa = PBXFrameworksBuildPhase;
			buildActionMask = 2147483647;
			files = (
			);
			runOnlyForDeploymentPostprocessing = 0;
		};
/* End PBXFrameworksBuildPhase section */

/* Begin PBXGroup section */
		DA2C75C0250819C100AFC80B /* Model */ = {
			isa = PBXGroup;
			children = (
				DA2C75C1250819D000AFC80B /* Character.swift */,
			);
			path = Model;
			sourceTree = "<group>";
		};
		DAAC43F22507CCEB00F0BC92 = {
			isa = PBXGroup;
			children = (
				DAAC43FD2507CCEB00F0BC92 /* AnimationClass */,
				DAAC43FC2507CCEB00F0BC92 /* Products */,
			);
			sourceTree = "<group>";
		};
		DAAC43FC2507CCEB00F0BC92 /* Products */ = {
			isa = PBXGroup;
			children = (
				DAAC43FB2507CCEB00F0BC92 /* AnimationClass.app */,
			);
			name = Products;
			sourceTree = "<group>";
		};
		DAAC43FD2507CCEB00F0BC92 /* AnimationClass */ = {
			isa = PBXGroup;
			children = (
				DA2C75C0250819C100AFC80B /* Model */,
				DAAC44242508135100F0BC92 /* Extensions */,
				DAAC441D2507CDEA00F0BC92 /* Controller */,
				DAAC441C2507CDE300F0BC92 /* View */,
				DAAC44172507CD2000F0BC92 /* ImageCutter */,
				DAAC44122507CCF800F0BC92 /* Resources */,
				DAAC43FE2507CCEB00F0BC92 /* AppDelegate.swift */,
				DAAC44002507CCEB00F0BC92 /* SceneDelegate.swift */,
				DAAC44072507CCED00F0BC92 /* Assets.xcassets */,
				DAAC44092507CCED00F0BC92 /* LaunchScreen.storyboard */,
				DAAC440C2507CCED00F0BC92 /* Info.plist */,
			);
			path = AnimationClass;
			sourceTree = "<group>";
		};
		DAAC44122507CCF800F0BC92 /* Resources */ = {
			isa = PBXGroup;
			children = (
				DAAC44152507CD1C00F0BC92 /* spritesheet.png */,
				DAAC44132507CD1100F0BC92 /* sprites.json */,
			);
			path = Resources;
			sourceTree = "<group>";
		};
		DAAC44172507CD2000F0BC92 /* ImageCutter */ = {
			isa = PBXGroup;
			children = (
				DAAC44182507CD3400F0BC92 /* Image.swift */,
				DAAC44192507CD3400F0BC92 /* ImageCutterTool.swift */,
			);
			path = ImageCutter;
			sourceTree = "<group>";
		};
		DAAC441C2507CDE300F0BC92 /* View */ = {
			isa = PBXGroup;
			children = (
				DAAC4428250814CD00F0BC92 /* DataSources */,
				DAAC441E2507CE1600F0BC92 /* CharactersCollectionView.swift */,
				DA2C75C52508287A00AFC80B /* FavoriteCollectionView.swift */,
				DA2C75C32508208D00AFC80B /* CollectionCell.swift */,
				DA2C75C925083BC900AFC80B /* MainView.swift */,
			);
			path = View;
			sourceTree = "<group>";
		};
		DAAC441D2507CDEA00F0BC92 /* Controller */ = {
			isa = PBXGroup;
			children = (
				DAAC44022507CCEB00F0BC92 /* ViewController.swift */,
			);
			path = Controller;
			sourceTree = "<group>";
		};
		DAAC44242508135100F0BC92 /* Extensions */ = {
			isa = PBXGroup;
			children = (
				DAAC44202507D1BD00F0BC92 /* ViewExtension.swift */,
				DA2C75C725082B1E00AFC80B /* AppColors.swift */,
			);
			path = Extensions;
			sourceTree = "<group>";
		};
		DAAC4428250814CD00F0BC92 /* DataSources */ = {
			isa = PBXGroup;
			children = (
				DAAC4429250814DD00F0BC92 /* CharDisplayDataSource.swift */,
			);
			path = DataSources;
			sourceTree = "<group>";
		};
/* End PBXGroup section */

/* Begin PBXNativeTarget section */
		DAAC43FA2507CCEB00F0BC92 /* AnimationClass */ = {
			isa = PBXNativeTarget;
			buildConfigurationList = DAAC440F2507CCED00F0BC92 /* Build configuration list for PBXNativeTarget "AnimationClass" */;
			buildPhases = (
				DAAC43F72507CCEB00F0BC92 /* Sources */,
				DAAC43F82507CCEB00F0BC92 /* Frameworks */,
				DAAC43F92507CCEB00F0BC92 /* Resources */,
			);
			buildRules = (
			);
			dependencies = (
			);
			name = AnimationClass;
			productName = AnimationClass;
			productReference = DAAC43FB2507CCEB00F0BC92 /* AnimationClass.app */;
			productType = "com.apple.product-type.application";
		};
/* End PBXNativeTarget section */

/* Begin PBXProject section */
		DAAC43F32507CCEB00F0BC92 /* Project object */ = {
			isa = PBXProject;
			attributes = {
				LastSwiftUpdateCheck = 1170;
				LastUpgradeCheck = 1170;
				ORGANIZATIONNAME = academy.ifce;
				TargetAttributes = {
					DAAC43FA2507CCEB00F0BC92 = {
						CreatedOnToolsVersion = 11.7;
					};
				};
			};
			buildConfigurationList = DAAC43F62507CCEB00F0BC92 /* Build configuration list for PBXProject "AnimationClass" */;
			compatibilityVersion = "Xcode 9.3";
			developmentRegion = en;
			hasScannedForEncodings = 0;
			knownRegions = (
				en,
				Base,
			);
			mainGroup = DAAC43F22507CCEB00F0BC92;
			productRefGroup = DAAC43FC2507CCEB00F0BC92 /* Products */;
			projectDirPath = "";
			projectRoot = "";
			targets = (
				DAAC43FA2507CCEB00F0BC92 /* AnimationClass */,
			);
		};
/* End PBXProject section */

/* Begin PBXResourcesBuildPhase section */
		DAAC43F92507CCEB00F0BC92 /* Resources */ = {
			isa = PBXResourcesBuildPhase;
			buildActionMask = 2147483647;
			files = (
				DAAC440B2507CCED00F0BC92 /* LaunchScreen.storyboard in Resources */,
				DAAC44082507CCED00F0BC92 /* Assets.xcassets in Resources */,
				DAAC44142507CD1100F0BC92 /* sprites.json in Resources */,
				DAAC44162507CD1C00F0BC92 /* spritesheet.png in Resources */,
			);
			runOnlyForDeploymentPostprocessing = 0;
		};
/* End PBXResourcesBuildPhase section */

/* Begin PBXSourcesBuildPhase section */
		DAAC43F72507CCEB00F0BC92 /* Sources */ = {
			isa = PBXSourcesBuildPhase;
			buildActionMask = 2147483647;
			files = (
				DA2C75C2250819D000AFC80B /* Character.swift in Sources */,
				DA2C75CA25083BC900AFC80B /* MainView.swift in Sources */,
				DAAC441F2507CE1600F0BC92 /* CharactersCollectionView.swift in Sources */,
				DAAC44032507CCEB00F0BC92 /* ViewController.swift in Sources */,
				DAAC441A2507CD3400F0BC92 /* Image.swift in Sources */,
				DAAC44212507D1BD00F0BC92 /* ViewExtension.swift in Sources */,
				DAAC43FF2507CCEB00F0BC92 /* AppDelegate.swift in Sources */,
				DAAC442A250814DD00F0BC92 /* CharDisplayDataSource.swift in Sources */,
				DA2C75C62508287A00AFC80B /* FavoriteCollectionView.swift in Sources */,
				DAAC441B2507CD3400F0BC92 /* ImageCutterTool.swift in Sources */,
				DA2C75C825082B1E00AFC80B /* AppColors.swift in Sources */,
				DAAC44012507CCEB00F0BC92 /* SceneDelegate.swift in Sources */,
				DA2C75C42508208D00AFC80B /* CollectionCell.swift in Sources */,
			);
			runOnlyForDeploymentPostprocessing = 0;
		};
/* End PBXSourcesBuildPhase section */

/* Begin PBXVariantGroup section */
		DAAC44092507CCED00F0BC92 /* LaunchScreen.storyboard */ = {
			isa = PBXVariantGroup;
			children = (
				DAAC440A2507CCED00F0BC92 /* Base */,
			);
			name = LaunchScreen.storyboard;
			sourceTree = "<group>";
		};
/* End PBXVariantGroup section */

/* Begin XCBuildConfiguration section */
		DAAC440D2507CCED00F0BC92 /* Debug */ = {
			isa = XCBuildConfiguration;
			buildSettings = {
				ALWAYS_SEARCH_USER_PATHS = NO;
				CLANG_ANALYZER_NONNULL = YES;
				CLANG_ANALYZER_NUMBER_OBJECT_CONVERSION = YES_AGGRESSIVE;
				CLANG_CXX_LANGUAGE_STANDARD = "gnu++14";
				CLANG_CXX_LIBRARY = "libc++";
				CLANG_ENABLE_MODULES = YES;
				CLANG_ENABLE_OBJC_ARC = YES;
				CLANG_ENABLE_OBJC_WEAK = YES;
				CLANG_WARN_BLOCK_CAPTURE_AUTORELEASING = YES;
				CLANG_WARN_BOOL_CONVERSION = YES;
				CLANG_WARN_COMMA = YES;
				CLANG_WARN_CONSTANT_CONVERSION = YES;
				CLANG_WARN_DEPRECATED_OBJC_IMPLEMENTATIONS = YES;
				CLANG_WARN_DIRECT_OBJC_ISA_USAGE = YES_ERROR;
				CLANG_WARN_DOCUMENTATION_COMMENTS = YES;
				CLANG_WARN_EMPTY_BODY = YES;
				CLANG_WARN_ENUM_CONVERSION = YES;
				CLANG_WARN_INFINITE_RECURSION = YES;
				CLANG_WARN_INT_CONVERSION = YES;
				CLANG_WARN_NON_LITERAL_NULL_CONVERSION = YES;
				CLANG_WARN_OBJC_IMPLICIT_RETAIN_SELF = YES;
				CLANG_WARN_OBJC_LITERAL_CONVERSION = YES;
				CLANG_WARN_OBJC_ROOT_CLASS = YES_ERROR;
				CLANG_WARN_RANGE_LOOP_ANALYSIS = YES;
				CLANG_WARN_STRICT_PROTOTYPES = YES;
				CLANG_WARN_SUSPICIOUS_MOVE = YES;
				CLANG_WARN_UNGUARDED_AVAILABILITY = YES_AGGRESSIVE;
				CLANG_WARN_UNREACHABLE_CODE = YES;
				CLANG_WARN__DUPLICATE_METHOD_MATCH = YES;
				COPY_PHASE_STRIP = NO;
				DEBUG_INFORMATION_FORMAT = dwarf;
				ENABLE_STRICT_OBJC_MSGSEND = YES;
				ENABLE_TESTABILITY = YES;
				GCC_C_LANGUAGE_STANDARD = gnu11;
				GCC_DYNAMIC_NO_PIC = NO;
				GCC_NO_COMMON_BLOCKS = YES;
				GCC_OPTIMIZATION_LEVEL = 0;
				GCC_PREPROCESSOR_DEFINITIONS = (
					"DEBUG=1",
					"$(inherited)",
				);
				GCC_WARN_64_TO_32_BIT_CONVERSION = YES;
				GCC_WARN_ABOUT_RETURN_TYPE = YES_ERROR;
				GCC_WARN_UNDECLARED_SELECTOR = YES;
				GCC_WARN_UNINITIALIZED_AUTOS = YES_AGGRESSIVE;
				GCC_WARN_UNUSED_FUNCTION = YES;
				GCC_WARN_UNUSED_VARIABLE = YES;
				IPHONEOS_DEPLOYMENT_TARGET = 13.7;
				MTL_ENABLE_DEBUG_INFO = INCLUDE_SOURCE;
				MTL_FAST_MATH = YES;
				ONLY_ACTIVE_ARCH = YES;
				SDKROOT = iphoneos;
				SWIFT_ACTIVE_COMPILATION_CONDITIONS = DEBUG;
				SWIFT_OPTIMIZATION_LEVEL = "-Onone";
			};
			name = Debug;
		};
		DAAC440E2507CCED00F0BC92 /* Release */ = {
			isa = XCBuildConfiguration;
			buildSettings = {
				ALWAYS_SEARCH_USER_PATHS = NO;
				CLANG_ANALYZER_NONNULL = YES;
				CLANG_ANALYZER_NUMBER_OBJECT_CONVERSION = YES_AGGRESSIVE;
				CLANG_CXX_LANGUAGE_STANDARD = "gnu++14";
				CLANG_CXX_LIBRARY = "libc++";
				CLANG_ENABLE_MODULES = YES;
				CLANG_ENABLE_OBJC_ARC = YES;
				CLANG_ENABLE_OBJC_WEAK = YES;
				CLANG_WARN_BLOCK_CAPTURE_AUTORELEASING = YES;
				CLANG_WARN_BOOL_CONVERSION = YES;
				CLANG_WARN_COMMA = YES;
				CLANG_WARN_CONSTANT_CONVERSION = YES;
				CLANG_WARN_DEPRECATED_OBJC_IMPLEMENTATIONS = YES;
				CLANG_WARN_DIRECT_OBJC_ISA_USAGE = YES_ERROR;
				CLANG_WARN_DOCUMENTATION_COMMENTS = YES;
				CLANG_WARN_EMPTY_BODY = YES;
				CLANG_WARN_ENUM_CONVERSION = YES;
				CLANG_WARN_INFINITE_RECURSION = YES;
				CLANG_WARN_INT_CONVERSION = YES;
				CLANG_WARN_NON_LITERAL_NULL_CONVERSION = YES;
				CLANG_WARN_OBJC_IMPLICIT_RETAIN_SELF = YES;
				CLANG_WARN_OBJC_LITERAL_CONVERSION = YES;
				CLANG_WARN_OBJC_ROOT_CLASS = YES_ERROR;
				CLANG_WARN_RANGE_LOOP_ANALYSIS = YES;
				CLANG_WARN_STRICT_PROTOTYPES = YES;
				CLANG_WARN_SUSPICIOUS_MOVE = YES;
				CLANG_WARN_UNGUARDED_AVAILABILITY = YES_AGGRESSIVE;
				CLANG_WARN_UNREACHABLE_CODE = YES;
				CLANG_WARN__DUPLICATE_METHOD_MATCH = YES;
				COPY_PHASE_STRIP = NO;
				DEBUG_INFORMATION_FORMAT = "dwarf-with-dsym";
				ENABLE_NS_ASSERTIONS = NO;
				ENABLE_STRICT_OBJC_MSGSEND = YES;
				GCC_C_LANGUAGE_STANDARD = gnu11;
				GCC_NO_COMMON_BLOCKS = YES;
				GCC_WARN_64_TO_32_BIT_CONVERSION = YES;
				GCC_WARN_ABOUT_RETURN_TYPE = YES_ERROR;
				GCC_WARN_UNDECLARED_SELECTOR = YES;
				GCC_WARN_UNINITIALIZED_AUTOS = YES_AGGRESSIVE;
				GCC_WARN_UNUSED_FUNCTION = YES;
				GCC_WARN_UNUSED_VARIABLE = YES;
				IPHONEOS_DEPLOYMENT_TARGET = 13.7;
				MTL_ENABLE_DEBUG_INFO = NO;
				MTL_FAST_MATH = YES;
				SDKROOT = iphoneos;
				SWIFT_COMPILATION_MODE = wholemodule;
				SWIFT_OPTIMIZATION_LEVEL = "-O";
				VALIDATE_PRODUCT = YES;
			};
			name = Release;
		};
		DAAC44102507CCED00F0BC92 /* Debug */ = {
			isa = XCBuildConfiguration;
			buildSettings = {
				ASSETCATALOG_COMPILER_APPICON_NAME = AppIcon;
				CODE_SIGN_STYLE = Automatic;
				DEVELOPMENT_TEAM = 489VWS49NR;
				INFOPLIST_FILE = AnimationClass/Info.plist;
				IPHONEOS_DEPLOYMENT_TARGET = 13.0;
				LD_RUNPATH_SEARCH_PATHS = (
					"$(inherited)",
					"@executable_path/Frameworks",
				);
				PRODUCT_BUNDLE_IDENTIFIER = academy.ifce.AnimationClass;
				PRODUCT_NAME = "$(TARGET_NAME)";
				SWIFT_VERSION = 5.0;
				TARGETED_DEVICE_FAMILY = "1,2";
			};
			name = Debug;
		};
		DAAC44112507CCED00F0BC92 /* Release */ = {
			isa = XCBuildConfiguration;
			buildSettings = {
				ASSETCATALOG_COMPILER_APPICON_NAME = AppIcon;
				CODE_SIGN_STYLE = Automatic;
				DEVELOPMENT_TEAM = 489VWS49NR;
				INFOPLIST_FILE = AnimationClass/Info.plist;
				IPHONEOS_DEPLOYMENT_TARGET = 13.0;
				LD_RUNPATH_SEARCH_PATHS = (
					"$(inherited)",
					"@executable_path/Frameworks",
				);
				PRODUCT_BUNDLE_IDENTIFIER = academy.ifce.AnimationClass;
				PRODUCT_NAME = "$(TARGET_NAME)";
				SWIFT_VERSION = 5.0;
				TARGETED_DEVICE_FAMILY = "1,2";
			};
			name = Release;
		};
/* End XCBuildConfiguration section */

/* Begin XCConfigurationList section */
		DAAC43F62507CCEB00F0BC92 /* Build configuration list for PBXProject "AnimationClass" */ = {
			isa = XCConfigurationList;
			buildConfigurations = (
				DAAC440D2507CCED00F0BC92 /* Debug */,
				DAAC440E2507CCED00F0BC92 /* Release */,
			);
			defaultConfigurationIsVisible = 0;
			defaultConfigurationName = Release;
		};
		DAAC440F2507CCED00F0BC92 /* Build configuration list for PBXNativeTarget "AnimationClass" */ = {
			isa = XCConfigurationList;
			buildConfigurations = (
				DAAC44102507CCED00F0BC92 /* Debug */,
				DAAC44112507CCED00F0BC92 /* Release */,
			);
			defaultConfigurationIsVisible = 0;
			defaultConfigurationName = Release;
		};
/* End XCConfigurationList section */
	};
	rootObject = DAAC43F32507CCEB00F0BC92 /* Project object */;
}
